
Microsoft Visual Studio Solution File, Format Version 12.00
# Visual Studio Version 17
VisualStudioVersion = 17.8.34408.163
MinimumVisualStudioVersion = 10.0.40219.1
Project("{FAE04EC0-301F-11D3-BF4B-00C04F79EFBC}") = "Business", "Business\Business.csproj", "{E1AE1A14-AE46-4DB3-95BA-58CF2EE8E4F6}"
EndProject
Global
	GlobalSection(SolutionConfigurationPlatforms) = preSolution
		Debug|Any CPU = Debug|Any CPU
		Release|Any CPU = Release|Any CPU
	EndGlobalSection
	GlobalSection(ProjectConfigurationPlatforms) = postSolution
		{E1AE1A14-AE46-4DB3-95BA-58CF2EE8E4F6}.Debug|Any CPU.ActiveCfg = Debug|Any CPU
		{E1AE1A14-AE46-4DB3-95BA-58CF2EE8E4F6}.Debug|Any CPU.Build.0 = Debug|Any CPU
		{E1AE1A14-AE46-4DB3-95BA-58CF2EE8E4F6}.Release|Any CPU.ActiveCfg = Release|Any CPU
		{E1AE1A14-AE46-4DB3-95BA-58CF2EE8E4F6}.Release|Any CPU.Build.0 = Release|Any CPU
	EndGlobalSection
	GlobalSection(SolutionProperties) = preSolution
		HideSolutionNode = FALSE
	EndGlobalSection
	GlobalSection(ExtensibilityGlobals) = postSolution
		SolutionGuid = {8EE8E05C-00FC-41FB-8325-9EFCCC10797F}
	EndGlobalSection
EndGlobal
