
Microsoft Visual Studio Solution File, Format Version 12.00
# Visual Studio Version 17
VisualStudioVersion = 17.8.34408.163
MinimumVisualStudioVersion = 10.0.40219.1
Project("{FAE04EC0-301F-11D3-BF4B-00C04F79EFBC}") = "selfAssessment1b", "selfAssessment1b\selfAssessment1b.csproj", "{28AD3A6B-8E77-45D8-AA71-EB6B602C58AE}"
EndProject
Global
	GlobalSection(SolutionConfigurationPlatforms) = preSolution
		Debug|Any CPU = Debug|Any CPU
		Release|Any CPU = Release|Any CPU
	EndGlobalSection
	GlobalSection(ProjectConfigurationPlatforms) = postSolution
		{28AD3A6B-8E77-45D8-AA71-EB6B602C58AE}.Debug|Any CPU.ActiveCfg = Debug|Any CPU
		{28AD3A6B-8E77-45D8-AA71-EB6B602C58AE}.Debug|Any CPU.Build.0 = Debug|Any CPU
		{28AD3A6B-8E77-45D8-AA71-EB6B602C58AE}.Release|Any CPU.ActiveCfg = Release|Any CPU
		{28AD3A6B-8E77-45D8-AA71-EB6B602C58AE}.Release|Any CPU.Build.0 = Release|Any CPU
	EndGlobalSection
	GlobalSection(SolutionProperties) = preSolution
		HideSolutionNode = FALSE
	EndGlobalSection
	GlobalSection(ExtensibilityGlobals) = postSolution
		SolutionGuid = {F87FD6AE-C509-46F8-8DAA-12C556A6AC9A}
	EndGlobalSection
EndGlobal
